
Microsoft Visual Studio Solution File, Format Version 12.00
# Visual Studio Version 17
VisualStudioVersion = 17.9.34728.123
MinimumVisualStudioVersion = 10.0.40219.1
Project("{FAE04EC0-301F-11D3-BF4B-00C04F79EFBC}") = "async", "ConsoleApp1\async.csproj", "{B1E41805-AC44-4D81-8236-8242CBECBD85}"
EndProject
Project("{FAE04EC0-301F-11D3-BF4B-00C04F79EFBC}") = "sync", "sync\sync.csproj", "{00DBF170-B16A-4C8D-B6F7-28EBB2FBDD94}"
EndProject
Global
	GlobalSection(SolutionConfigurationPlatforms) = preSolution
		Debug|Any CPU = Debug|Any CPU
		Release|Any CPU = Release|Any CPU
	EndGlobalSection
	GlobalSection(ProjectConfigurationPlatforms) = postSolution
		{B1E41805-AC44-4D81-8236-8242CBECBD85}.Debug|Any CPU.ActiveCfg = Debug|Any CPU
		{B1E41805-AC44-4D81-8236-8242CBECBD85}.Debug|Any CPU.Build.0 = Debug|Any CPU
		{B1E41805-AC44-4D81-8236-8242CBECBD85}.Release|Any CPU.ActiveCfg = Release|Any CPU
		{B1E41805-AC44-4D81-8236-8242CBECBD85}.Release|Any CPU.Build.0 = Release|Any CPU
		{00DBF170-B16A-4C8D-B6F7-28EBB2FBDD94}.Debug|Any CPU.ActiveCfg = Debug|Any CPU
		{00DBF170-B16A-4C8D-B6F7-28EBB2FBDD94}.Debug|Any CPU.Build.0 = Debug|Any CPU
		{00DBF170-B16A-4C8D-B6F7-28EBB2FBDD94}.Release|Any CPU.ActiveCfg = Release|Any CPU
		{00DBF170-B16A-4C8D-B6F7-28EBB2FBDD94}.Release|Any CPU.Build.0 = Release|Any CPU
	EndGlobalSection
	GlobalSection(SolutionProperties) = preSolution
		HideSolutionNode = FALSE
	EndGlobalSection
	GlobalSection(ExtensibilityGlobals) = postSolution
		SolutionGuid = {B00FB555-2E57-49C2-AF44-D3713673A3FF}
	EndGlobalSection
EndGlobal
